
Microsoft Visual Studio Solution File, Format Version 12.00
# Visual Studio 2012
Project("{FAE04EC0-301F-11D3-BF4B-00C04F79EFBC}") = "MVAV41", "MVAV41\MVAV41.csproj", "{4740400B-E7C3-4266-8EBA-2D857F14C0C8}"
EndProject
Global
	GlobalSection(SolutionConfigurationPlatforms) = preSolution
		Debug|iPhoneSimulator = Debug|iPhoneSimulator
		Release|iPhone = Release|iPhone
		Release|iPhoneSimulator = Release|iPhoneSimulator
		Debug|iPhone = Debug|iPhone
	EndGlobalSection
	GlobalSection(ProjectConfigurationPlatforms) = postSolution
		{4740400B-E7C3-4266-8EBA-2D857F14C0C8}.Debug|iPhoneSimulator.ActiveCfg = Debug|iPhoneSimulator
		{4740400B-E7C3-4266-8EBA-2D857F14C0C8}.Debug|iPhoneSimulator.Build.0 = Debug|iPhoneSimulator
		{4740400B-E7C3-4266-8EBA-2D857F14C0C8}.Release|iPhone.ActiveCfg = Release|iPhone
		{4740400B-E7C3-4266-8EBA-2D857F14C0C8}.Release|iPhone.Build.0 = Release|iPhone
		{4740400B-E7C3-4266-8EBA-2D857F14C0C8}.Release|iPhoneSimulator.ActiveCfg = Release|iPhoneSimulator
		{4740400B-E7C3-4266-8EBA-2D857F14C0C8}.Release|iPhoneSimulator.Build.0 = Release|iPhoneSimulator
		{4740400B-E7C3-4266-8EBA-2D857F14C0C8}.Debug|iPhone.ActiveCfg = Debug|iPhone
		{4740400B-E7C3-4266-8EBA-2D857F14C0C8}.Debug|iPhone.Build.0 = Debug|iPhone
	EndGlobalSection
EndGlobal
